
Microsoft Visual Studio Solution File, Format Version 12.00
# Visual Studio 2012
Project("{D954291E-2A0B-460D-934E-DC6B0785DB48}") = "CustomLogin", "CustomLogin.shproj", "{3A47C882-CEF6-4B5E-B9E0-3598ECAE1511}"
EndProject
Project("{FAE04EC0-301F-11D3-BF4B-00C04F79EFBC}") = "CustomLogin.iOS", "iOS\CustomLogin.iOS.csproj", "{8556B6E8-9737-4388-BFAC-A8006F7ED6C7}"
EndProject
Project("{FAE04EC0-301F-11D3-BF4B-00C04F79EFBC}") = "CustomLogin.Droid", "Droid\CustomLogin.Droid.csproj", "{250D44EB-2FB8-4252-8294-7B4255C6755C}"
EndProject
Global
	GlobalSection(SolutionConfigurationPlatforms) = preSolution
		Debug|iPhoneSimulator = Debug|iPhoneSimulator
		Release|iPhone = Release|iPhone
		Release|iPhoneSimulator = Release|iPhoneSimulator
		Debug|iPhone = Debug|iPhone
		Debug|Any CPU = Debug|Any CPU
		Release|Any CPU = Release|Any CPU
	EndGlobalSection
	GlobalSection(ProjectConfigurationPlatforms) = postSolution
		{8556B6E8-9737-4388-BFAC-A8006F7ED6C7}.Debug|iPhoneSimulator.ActiveCfg = Debug|iPhoneSimulator
		{8556B6E8-9737-4388-BFAC-A8006F7ED6C7}.Debug|iPhoneSimulator.Build.0 = Debug|iPhoneSimulator
		{8556B6E8-9737-4388-BFAC-A8006F7ED6C7}.Release|iPhone.ActiveCfg = Release|iPhone
		{8556B6E8-9737-4388-BFAC-A8006F7ED6C7}.Release|iPhone.Build.0 = Release|iPhone
		{8556B6E8-9737-4388-BFAC-A8006F7ED6C7}.Release|iPhoneSimulator.ActiveCfg = Release|iPhoneSimulator
		{8556B6E8-9737-4388-BFAC-A8006F7ED6C7}.Release|iPhoneSimulator.Build.0 = Release|iPhoneSimulator
		{8556B6E8-9737-4388-BFAC-A8006F7ED6C7}.Debug|iPhone.ActiveCfg = Debug|iPhone
		{8556B6E8-9737-4388-BFAC-A8006F7ED6C7}.Debug|iPhone.Build.0 = Debug|iPhone
		{8556B6E8-9737-4388-BFAC-A8006F7ED6C7}.Debug|Any CPU.ActiveCfg = Debug|iPhoneSimulator
		{8556B6E8-9737-4388-BFAC-A8006F7ED6C7}.Debug|Any CPU.Build.0 = Debug|iPhoneSimulator
		{8556B6E8-9737-4388-BFAC-A8006F7ED6C7}.Release|Any CPU.ActiveCfg = Release|iPhone
		{8556B6E8-9737-4388-BFAC-A8006F7ED6C7}.Release|Any CPU.Build.0 = Release|iPhone
		{250D44EB-2FB8-4252-8294-7B4255C6755C}.Debug|iPhoneSimulator.ActiveCfg = Debug|Any CPU
		{250D44EB-2FB8-4252-8294-7B4255C6755C}.Debug|iPhoneSimulator.Build.0 = Debug|Any CPU
		{250D44EB-2FB8-4252-8294-7B4255C6755C}.Release|iPhone.ActiveCfg = Release|Any CPU
		{250D44EB-2FB8-4252-8294-7B4255C6755C}.Release|iPhone.Build.0 = Release|Any CPU
		{250D44EB-2FB8-4252-8294-7B4255C6755C}.Release|iPhoneSimulator.ActiveCfg = Release|Any CPU
		{250D44EB-2FB8-4252-8294-7B4255C6755C}.Release|iPhoneSimulator.Build.0 = Release|Any CPU
		{250D44EB-2FB8-4252-8294-7B4255C6755C}.Debug|iPhone.ActiveCfg = Debug|Any CPU
		{250D44EB-2FB8-4252-8294-7B4255C6755C}.Debug|iPhone.Build.0 = Debug|Any CPU
		{250D44EB-2FB8-4252-8294-7B4255C6755C}.Debug|Any CPU.ActiveCfg = Debug|Any CPU
		{250D44EB-2FB8-4252-8294-7B4255C6755C}.Debug|Any CPU.Build.0 = Debug|Any CPU
		{250D44EB-2FB8-4252-8294-7B4255C6755C}.Release|Any CPU.ActiveCfg = Release|Any CPU
		{250D44EB-2FB8-4252-8294-7B4255C6755C}.Release|Any CPU.Build.0 = Release|Any CPU
	EndGlobalSection
EndGlobal
