
Microsoft Visual Studio Solution File, Format Version 12.00
# Visual Studio Version 16
VisualStudioVersion = 25.0.1705.6
MinimumVisualStudioVersion = 10.0.40219.1
Project("{FAE04EC0-301F-11D3-BF4B-00C04F79EFBC}") = "iOSSample", "iOSSample\iOSSample.csproj", "{5909D82A-52E1-45B9-9224-FC94C1B3432E}"
EndProject
Global
	GlobalSection(SolutionConfigurationPlatforms) = preSolution
		Debug|Any CPU = Debug|Any CPU
		Release|Any CPU = Release|Any CPU
	EndGlobalSection
	GlobalSection(ProjectConfigurationPlatforms) = postSolution
		{5909D82A-52E1-45B9-9224-FC94C1B3432E}.Debug|Any CPU.ActiveCfg = Debug|Any CPU
		{5909D82A-52E1-45B9-9224-FC94C1B3432E}.Debug|Any CPU.Build.0 = Debug|Any CPU
		{5909D82A-52E1-45B9-9224-FC94C1B3432E}.Release|Any CPU.ActiveCfg = Release|Any CPU
		{5909D82A-52E1-45B9-9224-FC94C1B3432E}.Release|Any CPU.Build.0 = Release|Any CPU
	EndGlobalSection
	GlobalSection(SolutionProperties) = preSolution
		HideSolutionNode = FALSE
	EndGlobalSection
	GlobalSection(ExtensibilityGlobals) = postSolution
		SolutionGuid = {E0AD39F2-2A59-4134-B496-0DE8B71429CB}
	EndGlobalSection
EndGlobal
