
Microsoft Visual Studio Solution File, Format Version 12.00
# Visual Studio 15
VisualStudioVersion = 15.0.27703.1
MinimumVisualStudioVersion = 10.0.40219.1
Project("{FAE04EC0-301F-11D3-BF4B-00C04F79EFBC}") = "FormsSample.Android", "FormsSample\FormsSample.Android\FormsSample.Android.csproj", "{BD9EB025-4323-4C94-A80F-7FDD18EA42C0}"
EndProject
Project("{FAE04EC0-301F-11D3-BF4B-00C04F79EFBC}") = "FormsSample.iOS", "FormsSample\FormsSample.iOS\FormsSample.iOS.csproj", "{B7484B10-4F80-450F-A772-E74E831A107B}"
EndProject
Project("{D954291E-2A0B-460D-934E-DC6B0785DB48}") = "FormsSample", "FormsSample\FormsSample\FormsSample.shproj", "{32FC77A0-C071-4EDA-A625-D97ED203E322}"
EndProject
Global
	GlobalSection(SharedMSBuildProjectFiles) = preSolution
		FormsSample\FormsSample\FormsSample.projitems*{32fc77a0-c071-4eda-a625-d97ed203e322}*SharedItemsImports = 13
		FormsSample\FormsSample\FormsSample.projitems*{b7484b10-4f80-450f-a772-e74e831a107b}*SharedItemsImports = 4
		FormsSample\FormsSample\FormsSample.projitems*{bd9eb025-4323-4c94-a80f-7fdd18ea42c0}*SharedItemsImports = 4
	EndGlobalSection
	GlobalSection(SolutionConfigurationPlatforms) = preSolution
		Ad-Hoc|Any CPU = Ad-Hoc|Any CPU
		Ad-Hoc|iPhone = Ad-Hoc|iPhone
		Ad-Hoc|iPhoneSimulator = Ad-Hoc|iPhoneSimulator
		AppStore|Any CPU = AppStore|Any CPU
		AppStore|iPhone = AppStore|iPhone
		AppStore|iPhoneSimulator = AppStore|iPhoneSimulator
		Debug|Any CPU = Debug|Any CPU
		Debug|iPhone = Debug|iPhone
		Debug|iPhoneSimulator = Debug|iPhoneSimulator
		Release|Any CPU = Release|Any CPU
		Release|iPhone = Release|iPhone
		Release|iPhoneSimulator = Release|iPhoneSimulator
	EndGlobalSection
	GlobalSection(ProjectConfigurationPlatforms) = postSolution
		{BD9EB025-4323-4C94-A80F-7FDD18EA42C0}.Ad-Hoc|Any CPU.ActiveCfg = Release|Any CPU
		{BD9EB025-4323-4C94-A80F-7FDD18EA42C0}.Ad-Hoc|Any CPU.Build.0 = Release|Any CPU
		{BD9EB025-4323-4C94-A80F-7FDD18EA42C0}.Ad-Hoc|Any CPU.Deploy.0 = Release|Any CPU
		{BD9EB025-4323-4C94-A80F-7FDD18EA42C0}.Ad-Hoc|iPhone.ActiveCfg = Release|Any CPU
		{BD9EB025-4323-4C94-A80F-7FDD18EA42C0}.Ad-Hoc|iPhone.Build.0 = Release|Any CPU
		{BD9EB025-4323-4C94-A80F-7FDD18EA42C0}.Ad-Hoc|iPhone.Deploy.0 = Release|Any CPU
		{BD9EB025-4323-4C94-A80F-7FDD18EA42C0}.Ad-Hoc|iPhoneSimulator.ActiveCfg = Release|Any CPU
		{BD9EB025-4323-4C94-A80F-7FDD18EA42C0}.Ad-Hoc|iPhoneSimulator.Build.0 = Release|Any CPU
		{BD9EB025-4323-4C94-A80F-7FDD18EA42C0}.Ad-Hoc|iPhoneSimulator.Deploy.0 = Release|Any CPU
		{BD9EB025-4323-4C94-A80F-7FDD18EA42C0}.AppStore|Any CPU.ActiveCfg = Release|Any CPU
		{BD9EB025-4323-4C94-A80F-7FDD18EA42C0}.AppStore|Any CPU.Build.0 = Release|Any CPU
		{BD9EB025-4323-4C94-A80F-7FDD18EA42C0}.AppStore|Any CPU.Deploy.0 = Release|Any CPU
		{BD9EB025-4323-4C94-A80F-7FDD18EA42C0}.AppStore|iPhone.ActiveCfg = Release|Any CPU
		{BD9EB025-4323-4C94-A80F-7FDD18EA42C0}.AppStore|iPhone.Build.0 = Release|Any CPU
		{BD9EB025-4323-4C94-A80F-7FDD18EA42C0}.AppStore|iPhone.Deploy.0 = Release|Any CPU
		{BD9EB025-4323-4C94-A80F-7FDD18EA42C0}.AppStore|iPhoneSimulator.ActiveCfg = Release|Any CPU
		{BD9EB025-4323-4C94-A80F-7FDD18EA42C0}.AppStore|iPhoneSimulator.Build.0 = Release|Any CPU
		{BD9EB025-4323-4C94-A80F-7FDD18EA42C0}.AppStore|iPhoneSimulator.Deploy.0 = Release|Any CPU
		{BD9EB025-4323-4C94-A80F-7FDD18EA42C0}.Debug|Any CPU.ActiveCfg = Debug|Any CPU
		{BD9EB025-4323-4C94-A80F-7FDD18EA42C0}.Debug|Any CPU.Build.0 = Debug|Any CPU
		{BD9EB025-4323-4C94-A80F-7FDD18EA42C0}.Debug|Any CPU.Deploy.0 = Debug|Any CPU
		{BD9EB025-4323-4C94-A80F-7FDD18EA42C0}.Debug|iPhone.ActiveCfg = Debug|Any CPU
		{BD9EB025-4323-4C94-A80F-7FDD18EA42C0}.Debug|iPhone.Build.0 = Debug|Any CPU
		{BD9EB025-4323-4C94-A80F-7FDD18EA42C0}.Debug|iPhone.Deploy.0 = Debug|Any CPU
		{BD9EB025-4323-4C94-A80F-7FDD18EA42C0}.Debug|iPhoneSimulator.ActiveCfg = Debug|Any CPU
		{BD9EB025-4323-4C94-A80F-7FDD18EA42C0}.Debug|iPhoneSimulator.Build.0 = Debug|Any CPU
		{BD9EB025-4323-4C94-A80F-7FDD18EA42C0}.Debug|iPhoneSimulator.Deploy.0 = Debug|Any CPU
		{BD9EB025-4323-4C94-A80F-7FDD18EA42C0}.Release|Any CPU.ActiveCfg = Release|Any CPU
		{BD9EB025-4323-4C94-A80F-7FDD18EA42C0}.Release|Any CPU.Build.0 = Release|Any CPU
		{BD9EB025-4323-4C94-A80F-7FDD18EA42C0}.Release|Any CPU.Deploy.0 = Release|Any CPU
		{BD9EB025-4323-4C94-A80F-7FDD18EA42C0}.Release|iPhone.ActiveCfg = Release|Any CPU
		{BD9EB025-4323-4C94-A80F-7FDD18EA42C0}.Release|iPhone.Build.0 = Release|Any CPU
		{BD9EB025-4323-4C94-A80F-7FDD18EA42C0}.Release|iPhone.Deploy.0 = Release|Any CPU
		{BD9EB025-4323-4C94-A80F-7FDD18EA42C0}.Release|iPhoneSimulator.ActiveCfg = Release|Any CPU
		{BD9EB025-4323-4C94-A80F-7FDD18EA42C0}.Release|iPhoneSimulator.Build.0 = Release|Any CPU
		{BD9EB025-4323-4C94-A80F-7FDD18EA42C0}.Release|iPhoneSimulator.Deploy.0 = Release|Any CPU
		{B7484B10-4F80-450F-A772-E74E831A107B}.Ad-Hoc|Any CPU.ActiveCfg = Ad-Hoc|iPhone
		{B7484B10-4F80-450F-A772-E74E831A107B}.Ad-Hoc|Any CPU.Build.0 = Ad-Hoc|iPhone
		{B7484B10-4F80-450F-A772-E74E831A107B}.Ad-Hoc|Any CPU.Deploy.0 = Ad-Hoc|iPhone
		{B7484B10-4F80-450F-A772-E74E831A107B}.Ad-Hoc|iPhone.ActiveCfg = Ad-Hoc|iPhone
		{B7484B10-4F80-450F-A772-E74E831A107B}.Ad-Hoc|iPhone.Build.0 = Ad-Hoc|iPhone
		{B7484B10-4F80-450F-A772-E74E831A107B}.Ad-Hoc|iPhone.Deploy.0 = Ad-Hoc|iPhone
		{B7484B10-4F80-450F-A772-E74E831A107B}.Ad-Hoc|iPhoneSimulator.ActiveCfg = Ad-Hoc|iPhoneSimulator
		{B7484B10-4F80-450F-A772-E74E831A107B}.Ad-Hoc|iPhoneSimulator.Build.0 = Ad-Hoc|iPhoneSimulator
		{B7484B10-4F80-450F-A772-E74E831A107B}.Ad-Hoc|iPhoneSimulator.Deploy.0 = Ad-Hoc|iPhoneSimulator
		{B7484B10-4F80-450F-A772-E74E831A107B}.AppStore|Any CPU.ActiveCfg = AppStore|iPhone
		{B7484B10-4F80-450F-A772-E74E831A107B}.AppStore|Any CPU.Build.0 = AppStore|iPhone
		{B7484B10-4F80-450F-A772-E74E831A107B}.AppStore|Any CPU.Deploy.0 = AppStore|iPhone
		{B7484B10-4F80-450F-A772-E74E831A107B}.AppStore|iPhone.ActiveCfg = AppStore|iPhone
		{B7484B10-4F80-450F-A772-E74E831A107B}.AppStore|iPhone.Build.0 = AppStore|iPhone
		{B7484B10-4F80-450F-A772-E74E831A107B}.AppStore|iPhone.Deploy.0 = AppStore|iPhone
		{B7484B10-4F80-450F-A772-E74E831A107B}.AppStore|iPhoneSimulator.ActiveCfg = AppStore|iPhoneSimulator
		{B7484B10-4F80-450F-A772-E74E831A107B}.AppStore|iPhoneSimulator.Build.0 = AppStore|iPhoneSimulator
		{B7484B10-4F80-450F-A772-E74E831A107B}.AppStore|iPhoneSimulator.Deploy.0 = AppStore|iPhoneSimulator
		{B7484B10-4F80-450F-A772-E74E831A107B}.Debug|Any CPU.ActiveCfg = Debug|iPhoneSimulator
		{B7484B10-4F80-450F-A772-E74E831A107B}.Debug|Any CPU.Build.0 = Debug|iPhoneSimulator
		{B7484B10-4F80-450F-A772-E74E831A107B}.Debug|Any CPU.Deploy.0 = Debug|iPhoneSimulator
		{B7484B10-4F80-450F-A772-E74E831A107B}.Debug|iPhone.ActiveCfg = Debug|iPhone
		{B7484B10-4F80-450F-A772-E74E831A107B}.Debug|iPhone.Build.0 = Debug|iPhone
		{B7484B10-4F80-450F-A772-E74E831A107B}.Debug|iPhone.Deploy.0 = Debug|iPhone
		{B7484B10-4F80-450F-A772-E74E831A107B}.Debug|iPhoneSimulator.ActiveCfg = Debug|iPhoneSimulator
		{B7484B10-4F80-450F-A772-E74E831A107B}.Debug|iPhoneSimulator.Build.0 = Debug|iPhoneSimulator
		{B7484B10-4F80-450F-A772-E74E831A107B}.Debug|iPhoneSimulator.Deploy.0 = Debug|iPhoneSimulator
		{B7484B10-4F80-450F-A772-E74E831A107B}.Release|Any CPU.ActiveCfg = Release|iPhone
		{B7484B10-4F80-450F-A772-E74E831A107B}.Release|Any CPU.Build.0 = Release|iPhone
		{B7484B10-4F80-450F-A772-E74E831A107B}.Release|Any CPU.Deploy.0 = Release|iPhone
		{B7484B10-4F80-450F-A772-E74E831A107B}.Release|iPhone.ActiveCfg = Release|iPhone
		{B7484B10-4F80-450F-A772-E74E831A107B}.Release|iPhone.Build.0 = Release|iPhone
		{B7484B10-4F80-450F-A772-E74E831A107B}.Release|iPhone.Deploy.0 = Release|iPhone
		{B7484B10-4F80-450F-A772-E74E831A107B}.Release|iPhoneSimulator.ActiveCfg = Release|iPhoneSimulator
		{B7484B10-4F80-450F-A772-E74E831A107B}.Release|iPhoneSimulator.Build.0 = Release|iPhoneSimulator
		{B7484B10-4F80-450F-A772-E74E831A107B}.Release|iPhoneSimulator.Deploy.0 = Release|iPhoneSimulator
	EndGlobalSection
	GlobalSection(SolutionProperties) = preSolution
		HideSolutionNode = FALSE
	EndGlobalSection
	GlobalSection(ExtensibilityGlobals) = postSolution
		SolutionGuid = {2FFCBB94-8FBA-43C9-BB38-ECC9EE3A1657}
	EndGlobalSection
EndGlobal
